
Microsoft Visual Studio Solution File, Format Version 12.00
# Visual Studio 14
VisualStudioVersion = 14.0.24720.0
MinimumVisualStudioVersion = 10.0.40219.1
Project("{FAE04EC0-301F-11D3-BF4B-00C04F79EFBC}") = "angular2.js", "angular2.js\angular2.js.csproj", "{97DA9C7F-823A-41D6-9800-C3CF824D1F5B}"
EndProject
Project("{FAE04EC0-301F-11D3-BF4B-00C04F79EFBC}") = "angular2.ts", "angular2.ts\angular2.ts.csproj", "{BF2900FB-2FB4-43AC-8E67-D21478DD25CD}"
EndProject
Global
	GlobalSection(SolutionConfigurationPlatforms) = preSolution
		Debug|Any CPU = Debug|Any CPU
		Release|Any CPU = Release|Any CPU
	EndGlobalSection
	GlobalSection(ProjectConfigurationPlatforms) = postSolution
		{97DA9C7F-823A-41D6-9800-C3CF824D1F5B}.Debug|Any CPU.ActiveCfg = Debug|Any CPU
		{97DA9C7F-823A-41D6-9800-C3CF824D1F5B}.Debug|Any CPU.Build.0 = Debug|Any CPU
		{97DA9C7F-823A-41D6-9800-C3CF824D1F5B}.Release|Any CPU.ActiveCfg = Release|Any CPU
		{97DA9C7F-823A-41D6-9800-C3CF824D1F5B}.Release|Any CPU.Build.0 = Release|Any CPU
		{BF2900FB-2FB4-43AC-8E67-D21478DD25CD}.Debug|Any CPU.ActiveCfg = Debug|Any CPU
		{BF2900FB-2FB4-43AC-8E67-D21478DD25CD}.Debug|Any CPU.Build.0 = Debug|Any CPU
		{BF2900FB-2FB4-43AC-8E67-D21478DD25CD}.Release|Any CPU.ActiveCfg = Release|Any CPU
		{BF2900FB-2FB4-43AC-8E67-D21478DD25CD}.Release|Any CPU.Build.0 = Release|Any CPU
	EndGlobalSection
	GlobalSection(SolutionProperties) = preSolution
		HideSolutionNode = FALSE
	EndGlobalSection
EndGlobal
